
Microsoft Visual Studio Solution File, Format Version 12.00
# Visual Studio Version 17
VisualStudioVersion = 17.5.33516.290
MinimumVisualStudioVersion = 10.0.40219.1
Project("{FAE04EC0-301F-11D3-BF4B-00C04F79EFBC}") = "Geometry", "Geometry\Geometry.csproj", "{48DC6A2D-0F68-41BC-99DC-9FA1083767BB}"
EndProject
Global
	GlobalSection(SolutionConfigurationPlatforms) = preSolution
		Debug|Any CPU = Debug|Any CPU
		Release|Any CPU = Release|Any CPU
	EndGlobalSection
	GlobalSection(ProjectConfigurationPlatforms) = postSolution
		{810F8DB2-04AD-449E-A9A8-38B55D7B8A87}.Debug|Any CPU.ActiveCfg = Debug|Any CPU
		{810F8DB2-04AD-449E-A9A8-38B55D7B8A87}.Debug|Any CPU.Build.0 = Debug|Any CPU
		{810F8DB2-04AD-449E-A9A8-38B55D7B8A87}.Release|Any CPU.ActiveCfg = Release|Any CPU
		{810F8DB2-04AD-449E-A9A8-38B55D7B8A87}.Release|Any CPU.Build.0 = Release|Any CPU
		{4FC247AD-24D7-4D7A-BC92-6604B52F4720}.Debug|Any CPU.ActiveCfg = Debug|Any CPU
		{4FC247AD-24D7-4D7A-BC92-6604B52F4720}.Debug|Any CPU.Build.0 = Debug|Any CPU
		{4FC247AD-24D7-4D7A-BC92-6604B52F4720}.Release|Any CPU.ActiveCfg = Release|Any CPU
		{4FC247AD-24D7-4D7A-BC92-6604B52F4720}.Release|Any CPU.Build.0 = Release|Any CPU
		{48DC6A2D-0F68-41BC-99DC-9FA1083767BB}.Debug|Any CPU.ActiveCfg = Debug|Any CPU
		{48DC6A2D-0F68-41BC-99DC-9FA1083767BB}.Debug|Any CPU.Build.0 = Debug|Any CPU
		{48DC6A2D-0F68-41BC-99DC-9FA1083767BB}.Release|Any CPU.ActiveCfg = Release|Any CPU
		{48DC6A2D-0F68-41BC-99DC-9FA1083767BB}.Release|Any CPU.Build.0 = Release|Any CPU
	EndGlobalSection
	GlobalSection(SolutionProperties) = preSolution
		HideSolutionNode = FALSE
	EndGlobalSection
	GlobalSection(ExtensibilityGlobals) = postSolution
		SolutionGuid = {0158869D-6D26-433C-ADF9-7F9568683ADA}
	EndGlobalSection
EndGlobal
